
Microsoft Visual Studio Solution File, Format Version 12.00
# Visual Studio 15
VisualStudioVersion = 15.0.27428.2015
MinimumVisualStudioVersion = 10.0.40219.1
Project("{2150E333-8FDC-42A3-9474-1A3956D46DE8}") = "Support", "Support", "{98778E74-B179-472B-B74D-AB306274437F}"
	ProjectSection(SolutionItems) = preProject
		.gitignore = .gitignore
		LICENSE = LICENSE
		README.md = README.md
		StyleCop.Analyzers.ruleset = StyleCop.Analyzers.ruleset
	EndProjectSection
EndProject
Project("{2150E333-8FDC-42A3-9474-1A3956D46DE8}") = "src", "src", "{6B3A274A-8FDE-477E-9A8F-312009C961B1}"
EndProject
Project("{9A19103F-16F7-4668-BE54-9A1E7A4F7556}") = "Unosquare.WiringPi", "src\Unosquare.WiringPi\Unosquare.WiringPi.csproj", "{9241C138-0F87-4DDA-8A20-7D6D8340F639}"
EndProject
Project("{FAE04EC0-301F-11D3-BF4B-00C04F79EFBC}") = "Unosquare.WiringPi.Workbench", "src\Unosquare.WiringPi.Workbench\Unosquare.WiringPi.Workbench\Unosquare.WiringPi.Workbench.csproj", "{9EA30663-5837-482F-A351-D6BDDD4F46D8}"
EndProject
Global
	GlobalSection(SolutionConfigurationPlatforms) = preSolution
		Debug|Any CPU = Debug|Any CPU
		Release|Any CPU = Release|Any CPU
	EndGlobalSection
	GlobalSection(ProjectConfigurationPlatforms) = postSolution
		{9241C138-0F87-4DDA-8A20-7D6D8340F639}.Debug|Any CPU.ActiveCfg = Debug|Any CPU
		{9241C138-0F87-4DDA-8A20-7D6D8340F639}.Debug|Any CPU.Build.0 = Debug|Any CPU
		{9241C138-0F87-4DDA-8A20-7D6D8340F639}.Release|Any CPU.ActiveCfg = Release|Any CPU
		{9241C138-0F87-4DDA-8A20-7D6D8340F639}.Release|Any CPU.Build.0 = Release|Any CPU
		{9EA30663-5837-482F-A351-D6BDDD4F46D8}.Debug|Any CPU.ActiveCfg = Debug|Any CPU
		{9EA30663-5837-482F-A351-D6BDDD4F46D8}.Debug|Any CPU.Build.0 = Debug|Any CPU
		{9EA30663-5837-482F-A351-D6BDDD4F46D8}.Release|Any CPU.ActiveCfg = Release|Any CPU
		{9EA30663-5837-482F-A351-D6BDDD4F46D8}.Release|Any CPU.Build.0 = Release|Any CPU
	EndGlobalSection
	GlobalSection(SolutionProperties) = preSolution
		HideSolutionNode = FALSE
	EndGlobalSection
	GlobalSection(NestedProjects) = preSolution
		{9241C138-0F87-4DDA-8A20-7D6D8340F639} = {6B3A274A-8FDE-477E-9A8F-312009C961B1}
		{9EA30663-5837-482F-A351-D6BDDD4F46D8} = {6B3A274A-8FDE-477E-9A8F-312009C961B1}
	EndGlobalSection
	GlobalSection(ExtensibilityGlobals) = postSolution
		SolutionGuid = {458E4143-9DD7-4F40-BC2A-9AA4AA144E86}
	EndGlobalSection
EndGlobal
